// !$*UTF8*$!
{
	archiveVersion = 1;
	classes = {
	};
	objectVersion = 48;
	objects = {

/* Begin PBXBuildFile section */
		BE0D89FA1FBED81800CA8114 /* AppDelegate.swift in Sources */ = {isa = PBXBuildFile; fileRef = BE0D89F91FBED81800CA8114 /* AppDelegate.swift */; };
		BE0D89FC1FBED81800CA8114 /* ViewController.swift in Sources */ = {isa = PBXBuildFile; fileRef = BE0D89FB1FBED81800CA8114 /* ViewController.swift */; };
		BE0D89FF1FBED81800CA8114 /* Main.storyboard in Resources */ = {isa = PBXBuildFile; fileRef = BE0D89FD1FBED81800CA8114 /* Main.storyboard */; };
		BE0D8A011FBED81800CA8114 /* Assets.xcassets in Resources */ = {isa = PBXBuildFile; fileRef = BE0D8A001FBED81800CA8114 /* Assets.xcassets */; };
		BE0D8A041FBED81800CA8114 /* LaunchScreen.storyboard in Resources */ = {isa = PBXBuildFile; fileRef = BE0D8A021FBED81800CA8114 /* LaunchScreen.storyboard */; };
		BE0D8A0F1FBED81800CA8114 /* TangramUITests.swift in Sources */ = {isa = PBXBuildFile; fileRef = BE0D8A0E1FBED81800CA8114 /* TangramUITests.swift */; };
		BE0D8A1A1FBED81800CA8114 /* TangramUIUITests.swift in Sources */ = {isa = PBXBuildFile; fileRef = BE0D8A191FBED81800CA8114 /* TangramUIUITests.swift */; };
		BE0D8A291FBEDCA600CA8114 /* ServiceLayout.swift in Sources */ = {isa = PBXBuildFile; fileRef = BE0D8A281FBEDCA600CA8114 /* ServiceLayout.swift */; };
		BE406CF720A7E9DE009A4D6E /* AdsorptionController.swift in Sources */ = {isa = PBXBuildFile; fileRef = BE406CF620A7E9DE009A4D6E /* AdsorptionController.swift */; };
		BE406CF920A7EA54009A4D6E /* SearchBarCell.swift in Sources */ = {isa = PBXBuildFile; fileRef = BE406CF820A7EA54009A4D6E /* SearchBarCell.swift */; };
		BE406CFB20A7EB5F009A4D6E /* ColorCell.swift in Sources */ = {isa = PBXBuildFile; fileRef = BE406CFA20A7EB5F009A4D6E /* ColorCell.swift */; };
		BE511D651FCE635100BD9489 /* PinterestLayout.swift in Sources */ = {isa = PBXBuildFile; fileRef = BE511D641FCE635100BD9489 /* PinterestLayout.swift */; };
		BE511D671FCE638500BD9489 /* PinterestLayoutController.swift in Sources */ = {isa = PBXBuildFile; fileRef = BE511D661FCE638500BD9489 /* PinterestLayoutController.swift */; };
		BE511D691FCE64E500BD9489 /* Photo.swift in Sources */ = {isa = PBXBuildFile; fileRef = BE511D681FCE64E500BD9489 /* Photo.swift */; };
		BE511D6C1FCE654E00BD9489 /* Photos.plist in Resources */ = {isa = PBXBuildFile; fileRef = BE511D6A1FCE654E00BD9489 /* Photos.plist */; };
		BE511D6D1FCE654E00BD9489 /* Photos.xcassets in Resources */ = {isa = PBXBuildFile; fileRef = BE511D6B1FCE654E00BD9489 /* Photos.xcassets */; };
		BE54ADAB20A5806D00B8A473 /* AdsorptionLayout.swift in Sources */ = {isa = PBXBuildFile; fileRef = BE54ADAA20A5806D00B8A473 /* AdsorptionLayout.swift */; };
		BE720B9E20C26E5100E86818 /* CenterLayoutController.swift in Sources */ = {isa = PBXBuildFile; fileRef = BE720B9D20C26E5100E86818 /* CenterLayoutController.swift */; };
		BE720BA120C2816700E86818 /* CollectionViewWaterfallLayout.swift in Sources */ = {isa = PBXBuildFile; fileRef = BE720BA020C2816700E86818 /* CollectionViewWaterfallLayout.swift */; };
		BE720BA320C28DCE00E86818 /* WaterfallLayoutController.swift in Sources */ = {isa = PBXBuildFile; fileRef = BE720BA220C28DCE00E86818 /* WaterfallLayoutController.swift */; };
		BE720BA620C29F2300E86818 /* CHTCollectionViewWaterfallLayout.swift in Sources */ = {isa = PBXBuildFile; fileRef = BE720BA520C29F2300E86818 /* CHTCollectionViewWaterfallLayout.swift */; };
		BE720BA920C29FF500E86818 /* CHTCollectionViewWaterfallLayoutController.swift in Sources */ = {isa = PBXBuildFile; fileRef = BE720BA820C29FF500E86818 /* CHTCollectionViewWaterfallLayoutController.swift */; };
		BE720BAD20C3BD9A00E86818 /* PinterestLayout1.swift in Sources */ = {isa = PBXBuildFile; fileRef = BE720BAC20C3BD9A00E86818 /* PinterestLayout1.swift */; };
		BE720BAF20C3BDB800E86818 /* PinterestLayoutAttributes.swift in Sources */ = {isa = PBXBuildFile; fileRef = BE720BAE20C3BDB800E86818 /* PinterestLayoutAttributes.swift */; };
		BE720BB120C3BDCB00E86818 /* PinterestLayoutDelegate.swift in Sources */ = {isa = PBXBuildFile; fileRef = BE720BB020C3BDCB00E86818 /* PinterestLayoutDelegate.swift */; };
		BE720BB320C3BF1200E86818 /* PinterestLayout1Controller.swift in Sources */ = {isa = PBXBuildFile; fileRef = BE720BB220C3BF1200E86818 /* PinterestLayout1Controller.swift */; };
		BE720BB620C3DB4A00E86818 /* TRMosaicLayout.swift in Sources */ = {isa = PBXBuildFile; fileRef = BE720BB520C3DB4A00E86818 /* TRMosaicLayout.swift */; };
		BE720BB820C3DB6500E86818 /* TRMosaicColumn.swift in Sources */ = {isa = PBXBuildFile; fileRef = BE720BB720C3DB6500E86818 /* TRMosaicColumn.swift */; };
		BE720BBA20C3DD4A00E86818 /* MosaicLayoutController.swift in Sources */ = {isa = PBXBuildFile; fileRef = BE720BB920C3DD4A00E86818 /* MosaicLayoutController.swift */; };
		BE7D4A3F1FE67D06005AD328 /* ExpandingLayout.swift in Sources */ = {isa = PBXBuildFile; fileRef = BE7D4A3E1FE67D06005AD328 /* ExpandingLayout.swift */; };
		BE7D4A421FE67DA8005AD328 /* Inspiration.swift in Sources */ = {isa = PBXBuildFile; fileRef = BE7D4A401FE67DA7005AD328 /* Inspiration.swift */; };
		BE7D4A431FE67DA8005AD328 /* Session.swift in Sources */ = {isa = PBXBuildFile; fileRef = BE7D4A411FE67DA8005AD328 /* Session.swift */; };
		BE7D4A451FE67DC6005AD328 /* ExpandingLayoutController.swift in Sources */ = {isa = PBXBuildFile; fileRef = BE7D4A441FE67DC6005AD328 /* ExpandingLayoutController.swift */; };
		BE7D4A471FE67E64005AD328 /* InspirationCell.swift in Sources */ = {isa = PBXBuildFile; fileRef = BE7D4A461FE67E64005AD328 /* InspirationCell.swift */; };
		BE7D4A4D1FE69078005AD328 /* Inspirations.plist in Resources */ = {isa = PBXBuildFile; fileRef = BE7D4A4A1FE69077005AD328 /* Inspirations.plist */; };
		BE7D4A4E1FE69078005AD328 /* Inspirations.xcassets in Resources */ = {isa = PBXBuildFile; fileRef = BE7D4A4B1FE69077005AD328 /* Inspirations.xcassets */; };
		BE7FAF951FC2796700788A5A /* TripletLayout.swift in Sources */ = {isa = PBXBuildFile; fileRef = BE7FAF941FC2796700788A5A /* TripletLayout.swift */; };
		BE7FAF971FC2873100788A5A /* ReorderableTripletLayout.swift in Sources */ = {isa = PBXBuildFile; fileRef = BE7FAF961FC2873100788A5A /* ReorderableTripletLayout.swift */; };
		BE95F5201FC66CB70033D83B /* 8.jpg in Resources */ = {isa = PBXBuildFile; fileRef = BE95F50C1FC66CB70033D83B /* 8.jpg */; };
		BE95F5211FC66CB70033D83B /* 9.jpg in Resources */ = {isa = PBXBuildFile; fileRef = BE95F50D1FC66CB70033D83B /* 9.jpg */; };
		BE95F5221FC66CB70033D83B /* 14.jpg in Resources */ = {isa = PBXBuildFile; fileRef = BE95F50E1FC66CB70033D83B /* 14.jpg */; };
		BE95F5231FC66CB70033D83B /* 15.jpg in Resources */ = {isa = PBXBuildFile; fileRef = BE95F50F1FC66CB70033D83B /* 15.jpg */; };
		BE95F5241FC66CB70033D83B /* 17.jpg in Resources */ = {isa = PBXBuildFile; fileRef = BE95F5101FC66CB70033D83B /* 17.jpg */; };
		BE95F5251FC66CB70033D83B /* 16.jpg in Resources */ = {isa = PBXBuildFile; fileRef = BE95F5111FC66CB70033D83B /* 16.jpg */; };
		BE95F5261FC66CB70033D83B /* 12.jpg in Resources */ = {isa = PBXBuildFile; fileRef = BE95F5121FC66CB70033D83B /* 12.jpg */; };
		BE95F5271FC66CB70033D83B /* 13.jpg in Resources */ = {isa = PBXBuildFile; fileRef = BE95F5131FC66CB70033D83B /* 13.jpg */; };
		BE95F5281FC66CB70033D83B /* 11.jpg in Resources */ = {isa = PBXBuildFile; fileRef = BE95F5141FC66CB70033D83B /* 11.jpg */; };
		BE95F5291FC66CB70033D83B /* 10.jpg in Resources */ = {isa = PBXBuildFile; fileRef = BE95F5151FC66CB70033D83B /* 10.jpg */; };
		BE95F52A1FC66CB70033D83B /* 20.jpg in Resources */ = {isa = PBXBuildFile; fileRef = BE95F5161FC66CB70033D83B /* 20.jpg */; };
		BE95F52B1FC66CB70033D83B /* 18.jpg in Resources */ = {isa = PBXBuildFile; fileRef = BE95F5171FC66CB70033D83B /* 18.jpg */; };
		BE95F52C1FC66CB70033D83B /* 19.jpg in Resources */ = {isa = PBXBuildFile; fileRef = BE95F5181FC66CB70033D83B /* 19.jpg */; };
		BE95F52D1FC66CB70033D83B /* 4.jpg in Resources */ = {isa = PBXBuildFile; fileRef = BE95F5191FC66CB70033D83B /* 4.jpg */; };
		BE95F52E1FC66CB70033D83B /* 5.jpg in Resources */ = {isa = PBXBuildFile; fileRef = BE95F51A1FC66CB70033D83B /* 5.jpg */; };
		BE95F52F1FC66CB70033D83B /* 7.jpg in Resources */ = {isa = PBXBuildFile; fileRef = BE95F51B1FC66CB70033D83B /* 7.jpg */; };
		BE95F5301FC66CB70033D83B /* 6.jpg in Resources */ = {isa = PBXBuildFile; fileRef = BE95F51C1FC66CB70033D83B /* 6.jpg */; };
		BE95F5311FC66CB70033D83B /* 2.jpg in Resources */ = {isa = PBXBuildFile; fileRef = BE95F51D1FC66CB70033D83B /* 2.jpg */; };
		BE95F5321FC66CB70033D83B /* 3.jpg in Resources */ = {isa = PBXBuildFile; fileRef = BE95F51E1FC66CB70033D83B /* 3.jpg */; };
		BE95F5331FC66CB70033D83B /* 1.jpg in Resources */ = {isa = PBXBuildFile; fileRef = BE95F51F1FC66CB70033D83B /* 1.jpg */; };
		BE95F5351FC66CFC0033D83B /* ReorderableTripletLayoutController.swift in Sources */ = {isa = PBXBuildFile; fileRef = BE95F5341FC66CFC0033D83B /* ReorderableTripletLayoutController.swift */; };
		BEB8E1A520C17E1500B79A53 /* CenterLayout.swift in Sources */ = {isa = PBXBuildFile; fileRef = BEB8E1A420C17E1500B79A53 /* CenterLayout.swift */; };
		BEC2AECC1FC0681F00FB98C2 /* ReverseLayoutController.swift in Sources */ = {isa = PBXBuildFile; fileRef = BEC2AECB1FC0681F00FB98C2 /* ReverseLayoutController.swift */; };
		BEC2AECE1FC068B500FB98C2 /* ReverseLayout.swift in Sources */ = {isa = PBXBuildFile; fileRef = BEC2AECD1FC068B500FB98C2 /* ReverseLayout.swift */; };
		BEDA5DA01FCBE3DD00777CBC /* ExcelLayout.swift in Sources */ = {isa = PBXBuildFile; fileRef = BEDA5D9F1FCBE3DD00777CBC /* ExcelLayout.swift */; };
		BEDA5DA21FCBE45F00777CBC /* ExcelLayoutController.swift in Sources */ = {isa = PBXBuildFile; fileRef = BEDA5DA11FCBE45F00777CBC /* ExcelLayoutController.swift */; };
		BEDA5DA61FCD059D00777CBC /* StretchyHeaderLayout.swift in Sources */ = {isa = PBXBuildFile; fileRef = BEDA5DA51FCD059D00777CBC /* StretchyHeaderLayout.swift */; };
		BEDA5DA81FCD07D000777CBC /* StretchyHeaderLayoutController.swift in Sources */ = {isa = PBXBuildFile; fileRef = BEDA5DA71FCD07D000777CBC /* StretchyHeaderLayoutController.swift */; };
		BEDA5DAB1FCD278700777CBC /* GridLayout.swift in Sources */ = {isa = PBXBuildFile; fileRef = BEDA5DAA1FCD278700777CBC /* GridLayout.swift */; };
		BEDA5DAD1FCD4CE300777CBC /* GridLayoutController.swift in Sources */ = {isa = PBXBuildFile; fileRef = BEDA5DAC1FCD4CE300777CBC /* GridLayoutController.swift */; };
		BEDA5DAF1FCD4D8E00777CBC /* GridLayoutHeaderFooterView.swift in Sources */ = {isa = PBXBuildFile; fileRef = BEDA5DAE1FCD4D8E00777CBC /* GridLayoutHeaderFooterView.swift */; };
		BEDE1E541FBEEE930051F702 /* UIColor+Extension.swift in Sources */ = {isa = PBXBuildFile; fileRef = BEDE1E531FBEEE930051F702 /* UIColor+Extension.swift */; };
		BEDE1E561FBEEF160051F702 /* FooterReusableView.swift in Sources */ = {isa = PBXBuildFile; fileRef = BEDE1E551FBEEF160051F702 /* FooterReusableView.swift */; };
		BEDE1E581FBEEF8C0051F702 /* HeaderReusableView.swift in Sources */ = {isa = PBXBuildFile; fileRef = BEDE1E571FBEEF8C0051F702 /* HeaderReusableView.swift */; };
		BEDE1E5A1FBEF0E40051F702 /* ServiceLeftPicCell.swift in Sources */ = {isa = PBXBuildFile; fileRef = BEDE1E591FBEF0E40051F702 /* ServiceLeftPicCell.swift */; };
		BEDE1E5C1FBF0EE40051F702 /* ServiceNormalCell.swift in Sources */ = {isa = PBXBuildFile; fileRef = BEDE1E5B1FBF0EE40051F702 /* ServiceNormalCell.swift */; };
		BEDE1E5F1FBF0FFD0051F702 /* ServiceOnePicCell.swift in Sources */ = {isa = PBXBuildFile; fileRef = BEDE1E5E1FBF0FFD0051F702 /* ServiceOnePicCell.swift */; };
		BEDE1E611FBF141D0051F702 /* ServicePicTwoTitleCell.swift in Sources */ = {isa = PBXBuildFile; fileRef = BEDE1E601FBF141D0051F702 /* ServicePicTwoTitleCell.swift */; };
		BEDE1E631FBF15250051F702 /* BaseController.swift in Sources */ = {isa = PBXBuildFile; fileRef = BEDE1E621FBF15250051F702 /* BaseController.swift */; };
		BEDE1E651FBF155B0051F702 /* ServiceLayoutController.swift in Sources */ = {isa = PBXBuildFile; fileRef = BEDE1E641FBF155B0051F702 /* ServiceLayoutController.swift */; };
		BEEACC8620CCC17300C1D180 /* MosaicLayout.swift in Sources */ = {isa = PBXBuildFile; fileRef = BEEACC8520CCC17300C1D180 /* MosaicLayout.swift */; };
		BEF73ACD1FCAB5B000A37524 /* CustomLayoutAttributes.swift in Sources */ = {isa = PBXBuildFile; fileRef = BEF73ACC1FCAB5B000A37524 /* CustomLayoutAttributes.swift */; };
		BEF73ACF1FCAB60A00A37524 /* CustomLayout.swift in Sources */ = {isa = PBXBuildFile; fileRef = BEF73ACE1FCAB60A00A37524 /* CustomLayout.swift */; };
		BEF73AD11FCAB64E00A37524 /* CustomLayoutSettings.swift in Sources */ = {isa = PBXBuildFile; fileRef = BEF73AD01FCAB64E00A37524 /* CustomLayoutSettings.swift */; };
		BEF73AD31FCAB6EB00A37524 /* JungleCupController.swift in Sources */ = {isa = PBXBuildFile; fileRef = BEF73AD21FCAB6EB00A37524 /* JungleCupController.swift */; };
		BEF73AD51FCAB79000A37524 /* MockDataManager.swift in Sources */ = {isa = PBXBuildFile; fileRef = BEF73AD41FCAB79000A37524 /* MockDataManager.swift */; };
		BEF73AD71FCADA9900A37524 /* PlayerCell.swift in Sources */ = {isa = PBXBuildFile; fileRef = BEF73AD61FCADA9900A37524 /* PlayerCell.swift */; };
		BEF73AD91FCAE0D700A37524 /* SectionFooterView.swift in Sources */ = {isa = PBXBuildFile; fileRef = BEF73AD81FCAE0D700A37524 /* SectionFooterView.swift */; };
		BEF73ADB1FCAE18900A37524 /* MenuView.swift in Sources */ = {isa = PBXBuildFile; fileRef = BEF73ADA1FCAE18900A37524 /* MenuView.swift */; };
		BEF73ADD1FCAE24700A37524 /* HeaderView.swift in Sources */ = {isa = PBXBuildFile; fileRef = BEF73ADC1FCAE24700A37524 /* HeaderView.swift */; };
		F7387C1620D24C2C0044B6DF /* AKPFlowLayout.swift in Sources */ = {isa = PBXBuildFile; fileRef = F7387C0E20D24C2C0044B6DF /* AKPFlowLayout.swift */; };
		F7387C1720D24C2C0044B6DF /* ImageCollectionViewHeader.swift in Sources */ = {isa = PBXBuildFile; fileRef = F7387C0F20D24C2C0044B6DF /* ImageCollectionViewHeader.swift */; };
		F7387C1820D24C2C0044B6DF /* ImageCollectionViewGlobalHeader.swift in Sources */ = {isa = PBXBuildFile; fileRef = F7387C1020D24C2C0044B6DF /* ImageCollectionViewGlobalHeader.swift */; };
		F7387C1920D24C2C0044B6DF /* AKPFlowLayoutError.swift in Sources */ = {isa = PBXBuildFile; fileRef = F7387C1120D24C2C0044B6DF /* AKPFlowLayoutError.swift */; };
		F7387C1A20D24C2C0044B6DF /* AKPFlowLayoutAttributes.swift in Sources */ = {isa = PBXBuildFile; fileRef = F7387C1220D24C2C0044B6DF /* AKPFlowLayoutAttributes.swift */; };
		F7387C1B20D24C2C0044B6DF /* AKPLayoutConfigOptions.swift in Sources */ = {isa = PBXBuildFile; fileRef = F7387C1320D24C2C0044B6DF /* AKPLayoutConfigOptions.swift */; };
		F7387C1C20D24C2C0044B6DF /* AKPFlowLayoutController.swift in Sources */ = {isa = PBXBuildFile; fileRef = F7387C1420D24C2C0044B6DF /* AKPFlowLayoutController.swift */; };
		F7387C1D20D24C2C0044B6DF /* ImageCollectionViewCell.swift in Sources */ = {isa = PBXBuildFile; fileRef = F7387C1520D24C2C0044B6DF /* ImageCollectionViewCell.swift */; };
/* End PBXBuildFile section */

/* Begin PBXContainerItemProxy section */
		BE0D8A0B1FBED81800CA8114 /* PBXContainerItemProxy */ = {
			isa = PBXContainerItemProxy;
			containerPortal = BE0D89EE1FBED81800CA8114 /* Project object */;
			proxyType = 1;
			remoteGlobalIDString = BE0D89F51FBED81800CA8114;
			remoteInfo = TangramUI;
		};
		BE0D8A161FBED81800CA8114 /* PBXContainerItemProxy */ = {
			isa = PBXContainerItemProxy;
			containerPortal = BE0D89EE1FBED81800CA8114 /* Project object */;
			proxyType = 1;
			remoteGlobalIDString = BE0D89F51FBED81800CA8114;
			remoteInfo = TangramUI;
		};
/* End PBXContainerItemProxy section */

/* Begin PBXFileReference section */
		BE0D89F61FBED81800CA8114 /* TangramUI.app */ = {isa = PBXFileReference; explicitFileType = wrapper.application; includeInIndex = 0; path = TangramUI.app; sourceTree = BUILT_PRODUCTS_DIR; };
		BE0D89F91FBED81800CA8114 /* AppDelegate.swift */ = {isa = PBXFileReference; lastKnownFileType = sourcecode.swift; path = AppDelegate.swift; sourceTree = "<group>"; };
		BE0D89FB1FBED81800CA8114 /* ViewController.swift */ = {isa = PBXFileReference; lastKnownFileType = sourcecode.swift; path = ViewController.swift; sourceTree = "<group>"; };
		BE0D89FE1FBED81800CA8114 /* Base */ = {isa = PBXFileReference; lastKnownFileType = file.storyboard; name = Base; path = Base.lproj/Main.storyboard; sourceTree = "<group>"; };
		BE0D8A001FBED81800CA8114 /* Assets.xcassets */ = {isa = PBXFileReference; lastKnownFileType = folder.assetcatalog; path = Assets.xcassets; sourceTree = "<group>"; };
		BE0D8A031FBED81800CA8114 /* Base */ = {isa = PBXFileReference; lastKnownFileType = file.storyboard; name = Base; path = Base.lproj/LaunchScreen.storyboard; sourceTree = "<group>"; };
		BE0D8A051FBED81800CA8114 /* Info.plist */ = {isa = PBXFileReference; lastKnownFileType = text.plist.xml; path = Info.plist; sourceTree = "<group>"; };
		BE0D8A0A1FBED81800CA8114 /* TangramUITests.xctest */ = {isa = PBXFileReference; explicitFileType = wrapper.cfbundle; includeInIndex = 0; path = TangramUITests.xctest; sourceTree = BUILT_PRODUCTS_DIR; };
		BE0D8A0E1FBED81800CA8114 /* TangramUITests.swift */ = {isa = PBXFileReference; lastKnownFileType = sourcecode.swift; path = TangramUITests.swift; sourceTree = "<group>"; };
		BE0D8A101FBED81800CA8114 /* Info.plist */ = {isa = PBXFileReference; lastKnownFileType = text.plist.xml; path = Info.plist; sourceTree = "<group>"; };
		BE0D8A151FBED81800CA8114 /* TangramUIUITests.xctest */ = {isa = PBXFileReference; explicitFileType = wrapper.cfbundle; includeInIndex = 0; path = TangramUIUITests.xctest; sourceTree = BUILT_PRODUCTS_DIR; };
		BE0D8A191FBED81800CA8114 /* TangramUIUITests.swift */ = {isa = PBXFileReference; lastKnownFileType = sourcecode.swift; path = TangramUIUITests.swift; sourceTree = "<group>"; };
		BE0D8A1B1FBED81800CA8114 /* Info.plist */ = {isa = PBXFileReference; lastKnownFileType = text.plist.xml; path = Info.plist; sourceTree = "<group>"; };
		BE0D8A281FBEDCA600CA8114 /* ServiceLayout.swift */ = {isa = PBXFileReference; lastKnownFileType = sourcecode.swift; path = ServiceLayout.swift; sourceTree = "<group>"; };
		BE0D8A2A1FBEDCB400CA8114 /* Bridging.h */ = {isa = PBXFileReference; lastKnownFileType = sourcecode.c.h; path = Bridging.h; sourceTree = "<group>"; };
		BE406CF620A7E9DE009A4D6E /* AdsorptionController.swift */ = {isa = PBXFileReference; lastKnownFileType = sourcecode.swift; path = AdsorptionController.swift; sourceTree = "<group>"; };
		BE406CF820A7EA54009A4D6E /* SearchBarCell.swift */ = {isa = PBXFileReference; lastKnownFileType = sourcecode.swift; path = SearchBarCell.swift; sourceTree = "<group>"; };
		BE406CFA20A7EB5F009A4D6E /* ColorCell.swift */ = {isa = PBXFileReference; lastKnownFileType = sourcecode.swift; path = ColorCell.swift; sourceTree = "<group>"; };
		BE511D641FCE635100BD9489 /* PinterestLayout.swift */ = {isa = PBXFileReference; lastKnownFileType = sourcecode.swift; path = PinterestLayout.swift; sourceTree = "<group>"; };
		BE511D661FCE638500BD9489 /* PinterestLayoutController.swift */ = {isa = PBXFileReference; lastKnownFileType = sourcecode.swift; path = PinterestLayoutController.swift; sourceTree = "<group>"; };
		BE511D681FCE64E500BD9489 /* Photo.swift */ = {isa = PBXFileReference; fileEncoding = 4; lastKnownFileType = sourcecode.swift; path = Photo.swift; sourceTree = "<group>"; };
		BE511D6A1FCE654E00BD9489 /* Photos.plist */ = {isa = PBXFileReference; fileEncoding = 4; lastKnownFileType = text.plist.xml; path = Photos.plist; sourceTree = "<group>"; };
		BE511D6B1FCE654E00BD9489 /* Photos.xcassets */ = {isa = PBXFileReference; lastKnownFileType = folder.assetcatalog; path = Photos.xcassets; sourceTree = "<group>"; };
		BE54ADAA20A5806D00B8A473 /* AdsorptionLayout.swift */ = {isa = PBXFileReference; lastKnownFileType = sourcecode.swift; path = AdsorptionLayout.swift; sourceTree = "<group>"; };
		BE720B9D20C26E5100E86818 /* CenterLayoutController.swift */ = {isa = PBXFileReference; lastKnownFileType = sourcecode.swift; path = CenterLayoutController.swift; sourceTree = "<group>"; };
		BE720BA020C2816700E86818 /* CollectionViewWaterfallLayout.swift */ = {isa = PBXFileReference; fileEncoding = 4; lastKnownFileType = sourcecode.swift; path = CollectionViewWaterfallLayout.swift; sourceTree = "<group>"; };
		BE720BA220C28DCE00E86818 /* WaterfallLayoutController.swift */ = {isa = PBXFileReference; lastKnownFileType = sourcecode.swift; path = WaterfallLayoutController.swift; sourceTree = "<group>"; };
		BE720BA520C29F2300E86818 /* CHTCollectionViewWaterfallLayout.swift */ = {isa = PBXFileReference; lastKnownFileType = sourcecode.swift; path = CHTCollectionViewWaterfallLayout.swift; sourceTree = "<group>"; };
		BE720BA820C29FF500E86818 /* CHTCollectionViewWaterfallLayoutController.swift */ = {isa = PBXFileReference; lastKnownFileType = sourcecode.swift; path = CHTCollectionViewWaterfallLayoutController.swift; sourceTree = "<group>"; };
		BE720BAC20C3BD9A00E86818 /* PinterestLayout1.swift */ = {isa = PBXFileReference; lastKnownFileType = sourcecode.swift; path = PinterestLayout1.swift; sourceTree = "<group>"; };
		BE720BAE20C3BDB800E86818 /* PinterestLayoutAttributes.swift */ = {isa = PBXFileReference; lastKnownFileType = sourcecode.swift; path = PinterestLayoutAttributes.swift; sourceTree = "<group>"; };
		BE720BB020C3BDCB00E86818 /* PinterestLayoutDelegate.swift */ = {isa = PBXFileReference; lastKnownFileType = sourcecode.swift; path = PinterestLayoutDelegate.swift; sourceTree = "<group>"; };
		BE720BB220C3BF1200E86818 /* PinterestLayout1Controller.swift */ = {isa = PBXFileReference; lastKnownFileType = sourcecode.swift; path = PinterestLayout1Controller.swift; sourceTree = "<group>"; };
		BE720BB520C3DB4A00E86818 /* TRMosaicLayout.swift */ = {isa = PBXFileReference; lastKnownFileType = sourcecode.swift; path = TRMosaicLayout.swift; sourceTree = "<group>"; };
		BE720BB720C3DB6500E86818 /* TRMosaicColumn.swift */ = {isa = PBXFileReference; lastKnownFileType = sourcecode.swift; path = TRMosaicColumn.swift; sourceTree = "<group>"; };
		BE720BB920C3DD4A00E86818 /* MosaicLayoutController.swift */ = {isa = PBXFileReference; lastKnownFileType = sourcecode.swift; path = MosaicLayoutController.swift; sourceTree = "<group>"; };
		BE7D4A3E1FE67D06005AD328 /* ExpandingLayout.swift */ = {isa = PBXFileReference; lastKnownFileType = sourcecode.swift; path = ExpandingLayout.swift; sourceTree = "<group>"; };
		BE7D4A401FE67DA7005AD328 /* Inspiration.swift */ = {isa = PBXFileReference; fileEncoding = 4; lastKnownFileType = sourcecode.swift; path = Inspiration.swift; sourceTree = "<group>"; };
		BE7D4A411FE67DA8005AD328 /* Session.swift */ = {isa = PBXFileReference; fileEncoding = 4; lastKnownFileType = sourcecode.swift; path = Session.swift; sourceTree = "<group>"; };
		BE7D4A441FE67DC6005AD328 /* ExpandingLayoutController.swift */ = {isa = PBXFileReference; lastKnownFileType = sourcecode.swift; path = ExpandingLayoutController.swift; sourceTree = "<group>"; };
		BE7D4A461FE67E64005AD328 /* InspirationCell.swift */ = {isa = PBXFileReference; lastKnownFileType = sourcecode.swift; path = InspirationCell.swift; sourceTree = "<group>"; };
		BE7D4A4A1FE69077005AD328 /* Inspirations.plist */ = {isa = PBXFileReference; fileEncoding = 4; lastKnownFileType = text.plist.xml; path = Inspirations.plist; sourceTree = "<group>"; };
		BE7D4A4B1FE69077005AD328 /* Inspirations.xcassets */ = {isa = PBXFileReference; lastKnownFileType = folder.assetcatalog; path = Inspirations.xcassets; sourceTree = "<group>"; };
		BE7FAF941FC2796700788A5A /* TripletLayout.swift */ = {isa = PBXFileReference; lastKnownFileType = sourcecode.swift; path = TripletLayout.swift; sourceTree = "<group>"; };
		BE7FAF961FC2873100788A5A /* ReorderableTripletLayout.swift */ = {isa = PBXFileReference; lastKnownFileType = sourcecode.swift; path = ReorderableTripletLayout.swift; sourceTree = "<group>"; };
		BE95F50C1FC66CB70033D83B /* 8.jpg */ = {isa = PBXFileReference; lastKnownFileType = image.jpeg; path = 8.jpg; sourceTree = "<group>"; };
		BE95F50D1FC66CB70033D83B /* 9.jpg */ = {isa = PBXFileReference; lastKnownFileType = image.jpeg; path = 9.jpg; sourceTree = "<group>"; };
		BE95F50E1FC66CB70033D83B /* 14.jpg */ = {isa = PBXFileReference; lastKnownFileType = image.jpeg; path = 14.jpg; sourceTree = "<group>"; };
		BE95F50F1FC66CB70033D83B /* 15.jpg */ = {isa = PBXFileReference; lastKnownFileType = image.jpeg; path = 15.jpg; sourceTree = "<group>"; };
		BE95F5101FC66CB70033D83B /* 17.jpg */ = {isa = PBXFileReference; lastKnownFileType = image.jpeg; path = 17.jpg; sourceTree = "<group>"; };
		BE95F5111FC66CB70033D83B /* 16.jpg */ = {isa = PBXFileReference; lastKnownFileType = image.jpeg; path = 16.jpg; sourceTree = "<group>"; };
		BE95F5121FC66CB70033D83B /* 12.jpg */ = {isa = PBXFileReference; lastKnownFileType = image.jpeg; path = 12.jpg; sourceTree = "<group>"; };
		BE95F5131FC66CB70033D83B /* 13.jpg */ = {isa = PBXFileReference; lastKnownFileType = image.jpeg; path = 13.jpg; sourceTree = "<group>"; };
		BE95F5141FC66CB70033D83B /* 11.jpg */ = {isa = PBXFileReference; lastKnownFileType = image.jpeg; path = 11.jpg; sourceTree = "<group>"; };
		BE95F5151FC66CB70033D83B /* 10.jpg */ = {isa = PBXFileReference; lastKnownFileType = image.jpeg; path = 10.jpg; sourceTree = "<group>"; };
		BE95F5161FC66CB70033D83B /* 20.jpg */ = {isa = PBXFileReference; lastKnownFileType = image.jpeg; path = 20.jpg; sourceTree = "<group>"; };
		BE95F5171FC66CB70033D83B /* 18.jpg */ = {isa = PBXFileReference; lastKnownFileType = image.jpeg; path = 18.jpg; sourceTree = "<group>"; };
		BE95F5181FC66CB70033D83B /* 19.jpg */ = {isa = PBXFileReference; lastKnownFileType = image.jpeg; path = 19.jpg; sourceTree = "<group>"; };
		BE95F5191FC66CB70033D83B /* 4.jpg */ = {isa = PBXFileReference; lastKnownFileType = image.jpeg; path = 4.jpg; sourceTree = "<group>"; };
		BE95F51A1FC66CB70033D83B /* 5.jpg */ = {isa = PBXFileReference; lastKnownFileType = image.jpeg; path = 5.jpg; sourceTree = "<group>"; };
		BE95F51B1FC66CB70033D83B /* 7.jpg */ = {isa = PBXFileReference; lastKnownFileType = image.jpeg; path = 7.jpg; sourceTree = "<group>"; };
		BE95F51C1FC66CB70033D83B /* 6.jpg */ = {isa = PBXFileReference; lastKnownFileType = image.jpeg; path = 6.jpg; sourceTree = "<group>"; };
		BE95F51D1FC66CB70033D83B /* 2.jpg */ = {isa = PBXFileReference; lastKnownFileType = image.jpeg; path = 2.jpg; sourceTree = "<group>"; };
		BE95F51E1FC66CB70033D83B /* 3.jpg */ = {isa = PBXFileReference; lastKnownFileType = image.jpeg; path = 3.jpg; sourceTree = "<group>"; };
		BE95F51F1FC66CB70033D83B /* 1.jpg */ = {isa = PBXFileReference; lastKnownFileType = image.jpeg; path = 1.jpg; sourceTree = "<group>"; };
		BE95F5341FC66CFC0033D83B /* ReorderableTripletLayoutController.swift */ = {isa = PBXFileReference; lastKnownFileType = sourcecode.swift; path = ReorderableTripletLayoutController.swift; sourceTree = "<group>"; };
		BEB8E1A420C17E1500B79A53 /* CenterLayout.swift */ = {isa = PBXFileReference; lastKnownFileType = sourcecode.swift; path = CenterLayout.swift; sourceTree = "<group>"; };
		BEC2AECB1FC0681F00FB98C2 /* ReverseLayoutController.swift */ = {isa = PBXFileReference; lastKnownFileType = sourcecode.swift; path = ReverseLayoutController.swift; sourceTree = "<group>"; };
		BEC2AECD1FC068B500FB98C2 /* ReverseLayout.swift */ = {isa = PBXFileReference; lastKnownFileType = sourcecode.swift; path = ReverseLayout.swift; sourceTree = "<group>"; };
		BEDA5D9F1FCBE3DD00777CBC /* ExcelLayout.swift */ = {isa = PBXFileReference; lastKnownFileType = sourcecode.swift; path = ExcelLayout.swift; sourceTree = "<group>"; };
		BEDA5DA11FCBE45F00777CBC /* ExcelLayoutController.swift */ = {isa = PBXFileReference; lastKnownFileType = sourcecode.swift; path = ExcelLayoutController.swift; sourceTree = "<group>"; };
		BEDA5DA51FCD059D00777CBC /* StretchyHeaderLayout.swift */ = {isa = PBXFileReference; lastKnownFileType = sourcecode.swift; path = StretchyHeaderLayout.swift; sourceTree = "<group>"; };
		BEDA5DA71FCD07D000777CBC /* StretchyHeaderLayoutController.swift */ = {isa = PBXFileReference; lastKnownFileType = sourcecode.swift; path = StretchyHeaderLayoutController.swift; sourceTree = "<group>"; };
		BEDA5DAA1FCD278700777CBC /* GridLayout.swift */ = {isa = PBXFileReference; lastKnownFileType = sourcecode.swift; path = GridLayout.swift; sourceTree = "<group>"; };
		BEDA5DAC1FCD4CE300777CBC /* GridLayoutController.swift */ = {isa = PBXFileReference; lastKnownFileType = sourcecode.swift; path = GridLayoutController.swift; sourceTree = "<group>"; };
		BEDA5DAE1FCD4D8E00777CBC /* GridLayoutHeaderFooterView.swift */ = {isa = PBXFileReference; lastKnownFileType = sourcecode.swift; path = GridLayoutHeaderFooterView.swift; sourceTree = "<group>"; };
		BEDE1E531FBEEE930051F702 /* UIColor+Extension.swift */ = {isa = PBXFileReference; lastKnownFileType = sourcecode.swift; path = "UIColor+Extension.swift"; sourceTree = "<group>"; };
		BEDE1E551FBEEF160051F702 /* FooterReusableView.swift */ = {isa = PBXFileReference; lastKnownFileType = sourcecode.swift; path = FooterReusableView.swift; sourceTree = "<group>"; };
		BEDE1E571FBEEF8C0051F702 /* HeaderReusableView.swift */ = {isa = PBXFileReference; lastKnownFileType = sourcecode.swift; path = HeaderReusableView.swift; sourceTree = "<group>"; };
		BEDE1E591FBEF0E40051F702 /* ServiceLeftPicCell.swift */ = {isa = PBXFileReference; lastKnownFileType = sourcecode.swift; path = ServiceLeftPicCell.swift; sourceTree = "<group>"; };
		BEDE1E5B1FBF0EE40051F702 /* ServiceNormalCell.swift */ = {isa = PBXFileReference; lastKnownFileType = sourcecode.swift; path = ServiceNormalCell.swift; sourceTree = "<group>"; };
		BEDE1E5E1FBF0FFD0051F702 /* ServiceOnePicCell.swift */ = {isa = PBXFileReference; lastKnownFileType = sourcecode.swift; path = ServiceOnePicCell.swift; sourceTree = "<group>"; };
		BEDE1E601FBF141D0051F702 /* ServicePicTwoTitleCell.swift */ = {isa = PBXFileReference; lastKnownFileType = sourcecode.swift; path = ServicePicTwoTitleCell.swift; sourceTree = "<group>"; };
		BEDE1E621FBF15250051F702 /* BaseController.swift */ = {isa = PBXFileReference; lastKnownFileType = sourcecode.swift; path = BaseController.swift; sourceTree = "<group>"; };
		BEDE1E641FBF155B0051F702 /* ServiceLayoutController.swift */ = {isa = PBXFileReference; lastKnownFileType = sourcecode.swift; path = ServiceLayoutController.swift; sourceTree = "<group>"; };
		BEEACC8520CCC17300C1D180 /* MosaicLayout.swift */ = {isa = PBXFileReference; lastKnownFileType = sourcecode.swift; path = MosaicLayout.swift; sourceTree = "<group>"; };
		BEF73ACC1FCAB5B000A37524 /* CustomLayoutAttributes.swift */ = {isa = PBXFileReference; lastKnownFileType = sourcecode.swift; path = CustomLayoutAttributes.swift; sourceTree = "<group>"; };
		BEF73ACE1FCAB60A00A37524 /* CustomLayout.swift */ = {isa = PBXFileReference; fileEncoding = 4; lastKnownFileType = sourcecode.swift; path = CustomLayout.swift; sourceTree = "<group>"; };
		BEF73AD01FCAB64E00A37524 /* CustomLayoutSettings.swift */ = {isa = PBXFileReference; fileEncoding = 4; lastKnownFileType = sourcecode.swift; path = CustomLayoutSettings.swift; sourceTree = "<group>"; };
		BEF73AD21FCAB6EB00A37524 /* JungleCupController.swift */ = {isa = PBXFileReference; lastKnownFileType = sourcecode.swift; path = JungleCupController.swift; sourceTree = "<group>"; };
		BEF73AD41FCAB79000A37524 /* MockDataManager.swift */ = {isa = PBXFileReference; fileEncoding = 4; lastKnownFileType = sourcecode.swift; path = MockDataManager.swift; sourceTree = "<group>"; };
		BEF73AD61FCADA9900A37524 /* PlayerCell.swift */ = {isa = PBXFileReference; lastKnownFileType = sourcecode.swift; path = PlayerCell.swift; sourceTree = "<group>"; };
		BEF73AD81FCAE0D700A37524 /* SectionFooterView.swift */ = {isa = PBXFileReference; lastKnownFileType = sourcecode.swift; path = SectionFooterView.swift; sourceTree = "<group>"; };
		BEF73ADA1FCAE18900A37524 /* MenuView.swift */ = {isa = PBXFileReference; lastKnownFileType = sourcecode.swift; path = MenuView.swift; sourceTree = "<group>"; };
		BEF73ADC1FCAE24700A37524 /* HeaderView.swift */ = {isa = PBXFileReference; lastKnownFileType = sourcecode.swift; path = HeaderView.swift; sourceTree = "<group>"; };
		F7387C0E20D24C2C0044B6DF /* AKPFlowLayout.swift */ = {isa = PBXFileReference; fileEncoding = 4; lastKnownFileType = sourcecode.swift; path = AKPFlowLayout.swift; sourceTree = "<group>"; };
		F7387C0F20D24C2C0044B6DF /* ImageCollectionViewHeader.swift */ = {isa = PBXFileReference; fileEncoding = 4; lastKnownFileType = sourcecode.swift; path = ImageCollectionViewHeader.swift; sourceTree = "<group>"; };
		F7387C1020D24C2C0044B6DF /* ImageCollectionViewGlobalHeader.swift */ = {isa = PBXFileReference; fileEncoding = 4; lastKnownFileType = sourcecode.swift; path = ImageCollectionViewGlobalHeader.swift; sourceTree = "<group>"; };
		F7387C1120D24C2C0044B6DF /* AKPFlowLayoutError.swift */ = {isa = PBXFileReference; fileEncoding = 4; lastKnownFileType = sourcecode.swift; path = AKPFlowLayoutError.swift; sourceTree = "<group>"; };
		F7387C1220D24C2C0044B6DF /* AKPFlowLayoutAttributes.swift */ = {isa = PBXFileReference; fileEncoding = 4; lastKnownFileType = sourcecode.swift; path = AKPFlowLayoutAttributes.swift; sourceTree = "<group>"; };
		F7387C1320D24C2C0044B6DF /* AKPLayoutConfigOptions.swift */ = {isa = PBXFileReference; fileEncoding = 4; lastKnownFileType = sourcecode.swift; path = AKPLayoutConfigOptions.swift; sourceTree = "<group>"; };
		F7387C1420D24C2C0044B6DF /* AKPFlowLayoutController.swift */ = {isa = PBXFileReference; fileEncoding = 4; lastKnownFileType = sourcecode.swift; path = AKPFlowLayoutController.swift; sourceTree = "<group>"; };
		F7387C1520D24C2C0044B6DF /* ImageCollectionViewCell.swift */ = {isa = PBXFileReference; fileEncoding = 4; lastKnownFileType = sourcecode.swift; path = ImageCollectionViewCell.swift; sourceTree = "<group>"; };
/* End PBXFileReference section */

/* Begin PBXFrameworksBuildPhase section */
		BE0D89F31FBED81800CA8114 /* Frameworks */ = {
			isa = PBXFrameworksBuildPhase;
			buildActionMask = 2147483647;
			files = (
			);
			runOnlyForDeploymentPostprocessing = 0;
		};
		BE0D8A071FBED81800CA8114 /* Frameworks */ = {
			isa = PBXFrameworksBuildPhase;
			buildActionMask = 2147483647;
			files = (
			);
			runOnlyForDeploymentPostprocessing = 0;
		};
		BE0D8A121FBED81800CA8114 /* Frameworks */ = {
			isa = PBXFrameworksBuildPhase;
			buildActionMask = 2147483647;
			files = (
			);
			runOnlyForDeploymentPostprocessing = 0;
		};
/* End PBXFrameworksBuildPhase section */

/* Begin PBXGroup section */
		BE0D89ED1FBED81800CA8114 = {
			isa = PBXGroup;
			children = (
				BE0D89F81FBED81800CA8114 /* TangramUI */,
				BE0D8A0D1FBED81800CA8114 /* TangramUITests */,
				BE0D8A181FBED81800CA8114 /* TangramUIUITests */,
				BE0D89F71FBED81800CA8114 /* Products */,
			);
			sourceTree = "<group>";
		};
		BE0D89F71FBED81800CA8114 /* Products */ = {
			isa = PBXGroup;
			children = (
				BE0D89F61FBED81800CA8114 /* TangramUI.app */,
				BE0D8A0A1FBED81800CA8114 /* TangramUITests.xctest */,
				BE0D8A151FBED81800CA8114 /* TangramUIUITests.xctest */,
			);
			name = Products;
			sourceTree = "<group>";
		};
		BE0D89F81FBED81800CA8114 /* TangramUI */ = {
			isa = PBXGroup;
			children = (
				F7387C0D20D24C2C0044B6DF /* AKPFlowLayout */,
				BEEACC8720CCC17900C1D180 /* MosaicLayout */,
				BE720BB420C3DB4200E86818 /* TRMosaicLayout */,
				BE720BA420C29F0200E86818 /* CHTCollectionViewWaterfallLayout */,
				BE720B9F20C2813200E86818 /* CollectionViewWaterfallLayout */,
				BEB8E1A320C17DF300B79A53 /* CenterLayout */,
				BE54ADA920A5804700B8A473 /* AdsorptionLayout */,
				BE7D4A3D1FE67CC4005AD328 /* ExpandingCollectionView */,
				BE511D631FCE634800BD9489 /* PinterestLayout */,
				BEDA5DA91FCD277900777CBC /* GridLayout */,
				BEDA5DA41FCD058A00777CBC /* StretchyHeaderLayout */,
				BEDA5D9E1FCBE3C700777CBC /* ExcelLayout */,
				BEF73ACB1FCAB59E00A37524 /* JungleCup */,
				BE95F50B1FC66CB70033D83B /* photos */,
				BE7FAF931FC2792E00788A5A /* ReorderableTripletLayout */,
				BEDE1E521FBEEDF10051F702 /* Extensions */,
				BEC2AECA1FC067EC00FB98C2 /* ReverseCollectionView */,
				BE0D8A271FBEDC7800CA8114 /* ServiceLayout */,
				BE0D89F91FBED81800CA8114 /* AppDelegate.swift */,
				BE0D89FB1FBED81800CA8114 /* ViewController.swift */,
				BE0D89FD1FBED81800CA8114 /* Main.storyboard */,
				BE0D8A001FBED81800CA8114 /* Assets.xcassets */,
				BE0D8A021FBED81800CA8114 /* LaunchScreen.storyboard */,
				BE0D8A051FBED81800CA8114 /* Info.plist */,
				BE0D8A2A1FBEDCB400CA8114 /* Bridging.h */,
				BEDE1E621FBF15250051F702 /* BaseController.swift */,
			);
			path = TangramUI;
			sourceTree = "<group>";
		};
		BE0D8A0D1FBED81800CA8114 /* TangramUITests */ = {
			isa = PBXGroup;
			children = (
				BE0D8A0E1FBED81800CA8114 /* TangramUITests.swift */,
				BE0D8A101FBED81800CA8114 /* Info.plist */,
			);
			path = TangramUITests;
			sourceTree = "<group>";
		};
		BE0D8A181FBED81800CA8114 /* TangramUIUITests */ = {
			isa = PBXGroup;
			children = (
				BE0D8A191FBED81800CA8114 /* TangramUIUITests.swift */,
				BE0D8A1B1FBED81800CA8114 /* Info.plist */,
			);
			path = TangramUIUITests;
			sourceTree = "<group>";
		};
		BE0D8A271FBEDC7800CA8114 /* ServiceLayout */ = {
			isa = PBXGroup;
			children = (
				BEDE1E5D1FBF0EE60051F702 /* Cells */,
				BE0D8A281FBEDCA600CA8114 /* ServiceLayout.swift */,
				BEDE1E551FBEEF160051F702 /* FooterReusableView.swift */,
				BEDE1E571FBEEF8C0051F702 /* HeaderReusableView.swift */,
				BEDE1E641FBF155B0051F702 /* ServiceLayoutController.swift */,
			);
			path = ServiceLayout;
			sourceTree = "<group>";
		};
		BE511D631FCE634800BD9489 /* PinterestLayout */ = {
			isa = PBXGroup;
			children = (
				BE720BAB20C3BD7F00E86818 /* PinterestLayout1 */,
				BE511D6A1FCE654E00BD9489 /* Photos.plist */,
				BE511D6B1FCE654E00BD9489 /* Photos.xcassets */,
				BE511D681FCE64E500BD9489 /* Photo.swift */,
				BE511D641FCE635100BD9489 /* PinterestLayout.swift */,
				BE511D661FCE638500BD9489 /* PinterestLayoutController.swift */,
			);
			path = PinterestLayout;
			sourceTree = "<group>";
		};
		BE54ADA920A5804700B8A473 /* AdsorptionLayout */ = {
			isa = PBXGroup;
			children = (
				BE54ADAA20A5806D00B8A473 /* AdsorptionLayout.swift */,
				BE406CF620A7E9DE009A4D6E /* AdsorptionController.swift */,
				BE406CF820A7EA54009A4D6E /* SearchBarCell.swift */,
				BE406CFA20A7EB5F009A4D6E /* ColorCell.swift */,
			);
			path = AdsorptionLayout;
			sourceTree = "<group>";
		};
		BE720B9F20C2813200E86818 /* CollectionViewWaterfallLayout */ = {
			isa = PBXGroup;
			children = (
				BE720BA020C2816700E86818 /* CollectionViewWaterfallLayout.swift */,
				BE720BA220C28DCE00E86818 /* WaterfallLayoutController.swift */,
			);
			path = CollectionViewWaterfallLayout;
			sourceTree = "<group>";
		};
		BE720BA420C29F0200E86818 /* CHTCollectionViewWaterfallLayout */ = {
			isa = PBXGroup;
			children = (
				BE720BA520C29F2300E86818 /* CHTCollectionViewWaterfallLayout.swift */,
				BE720BA820C29FF500E86818 /* CHTCollectionViewWaterfallLayoutController.swift */,
			);
			path = CHTCollectionViewWaterfallLayout;
			sourceTree = "<group>";
		};
		BE720BAB20C3BD7F00E86818 /* PinterestLayout1 */ = {
			isa = PBXGroup;
			children = (
				BE720BAC20C3BD9A00E86818 /* PinterestLayout1.swift */,
				BE720BAE20C3BDB800E86818 /* PinterestLayoutAttributes.swift */,
				BE720BB020C3BDCB00E86818 /* PinterestLayoutDelegate.swift */,
				BE720BB220C3BF1200E86818 /* PinterestLayout1Controller.swift */,
			);
			path = PinterestLayout1;
			sourceTree = "<group>";
		};
		BE720BB420C3DB4200E86818 /* TRMosaicLayout */ = {
			isa = PBXGroup;
			children = (
				BE720BB520C3DB4A00E86818 /* TRMosaicLayout.swift */,
				BE720BB720C3DB6500E86818 /* TRMosaicColumn.swift */,
				BE720BB920C3DD4A00E86818 /* MosaicLayoutController.swift */,
			);
			path = TRMosaicLayout;
			sourceTree = "<group>";
		};
		BE7D4A3D1FE67CC4005AD328 /* ExpandingCollectionView */ = {
			isa = PBXGroup;
			children = (
				BE7D4A481FE69055005AD328 /* Resource */,
				BE7D4A401FE67DA7005AD328 /* Inspiration.swift */,
				BE7D4A411FE67DA8005AD328 /* Session.swift */,
				BE7D4A3E1FE67D06005AD328 /* ExpandingLayout.swift */,
				BE7D4A441FE67DC6005AD328 /* ExpandingLayoutController.swift */,
				BE7D4A461FE67E64005AD328 /* InspirationCell.swift */,
			);
			path = ExpandingCollectionView;
			sourceTree = "<group>";
		};
		BE7D4A481FE69055005AD328 /* Resource */ = {
			isa = PBXGroup;
			children = (
				BE7D4A4A1FE69077005AD328 /* Inspirations.plist */,
				BE7D4A4B1FE69077005AD328 /* Inspirations.xcassets */,
			);
			path = Resource;
			sourceTree = "<group>";
		};
		BE7FAF931FC2792E00788A5A /* ReorderableTripletLayout */ = {
			isa = PBXGroup;
			children = (
				BE7FAF941FC2796700788A5A /* TripletLayout.swift */,
				BE7FAF961FC2873100788A5A /* ReorderableTripletLayout.swift */,
				BE95F5341FC66CFC0033D83B /* ReorderableTripletLayoutController.swift */,
			);
			path = ReorderableTripletLayout;
			sourceTree = "<group>";
		};
		BE95F50B1FC66CB70033D83B /* photos */ = {
			isa = PBXGroup;
			children = (
				BE95F50C1FC66CB70033D83B /* 8.jpg */,
				BE95F50D1FC66CB70033D83B /* 9.jpg */,
				BE95F50E1FC66CB70033D83B /* 14.jpg */,
				BE95F50F1FC66CB70033D83B /* 15.jpg */,
				BE95F5101FC66CB70033D83B /* 17.jpg */,
				BE95F5111FC66CB70033D83B /* 16.jpg */,
				BE95F5121FC66CB70033D83B /* 12.jpg */,
				BE95F5131FC66CB70033D83B /* 13.jpg */,
				BE95F5141FC66CB70033D83B /* 11.jpg */,
				BE95F5151FC66CB70033D83B /* 10.jpg */,
				BE95F5161FC66CB70033D83B /* 20.jpg */,
				BE95F5171FC66CB70033D83B /* 18.jpg */,
				BE95F5181FC66CB70033D83B /* 19.jpg */,
				BE95F5191FC66CB70033D83B /* 4.jpg */,
				BE95F51A1FC66CB70033D83B /* 5.jpg */,
				BE95F51B1FC66CB70033D83B /* 7.jpg */,
				BE95F51C1FC66CB70033D83B /* 6.jpg */,
				BE95F51D1FC66CB70033D83B /* 2.jpg */,
				BE95F51E1FC66CB70033D83B /* 3.jpg */,
				BE95F51F1FC66CB70033D83B /* 1.jpg */,
			);
			path = photos;
			sourceTree = "<group>";
		};
		BEB8E1A320C17DF300B79A53 /* CenterLayout */ = {
			isa = PBXGroup;
			children = (
				BEB8E1A420C17E1500B79A53 /* CenterLayout.swift */,
				BE720B9D20C26E5100E86818 /* CenterLayoutController.swift */,
			);
			path = CenterLayout;
			sourceTree = "<group>";
		};
		BEC2AECA1FC067EC00FB98C2 /* ReverseCollectionView */ = {
			isa = PBXGroup;
			children = (
				BEC2AECB1FC0681F00FB98C2 /* ReverseLayoutController.swift */,
				BEC2AECD1FC068B500FB98C2 /* ReverseLayout.swift */,
			);
			path = ReverseCollectionView;
			sourceTree = "<group>";
		};
		BEDA5D9E1FCBE3C700777CBC /* ExcelLayout */ = {
			isa = PBXGroup;
			children = (
				BEDA5D9F1FCBE3DD00777CBC /* ExcelLayout.swift */,
				BEDA5DA11FCBE45F00777CBC /* ExcelLayoutController.swift */,
			);
			path = ExcelLayout;
			sourceTree = "<group>";
		};
		BEDA5DA41FCD058A00777CBC /* StretchyHeaderLayout */ = {
			isa = PBXGroup;
			children = (
				BEDA5DA51FCD059D00777CBC /* StretchyHeaderLayout.swift */,
				BEDA5DA71FCD07D000777CBC /* StretchyHeaderLayoutController.swift */,
			);
			path = StretchyHeaderLayout;
			sourceTree = "<group>";
		};
		BEDA5DA91FCD277900777CBC /* GridLayout */ = {
			isa = PBXGroup;
			children = (
				BEDA5DAA1FCD278700777CBC /* GridLayout.swift */,
				BEDA5DAC1FCD4CE300777CBC /* GridLayoutController.swift */,
				BEDA5DAE1FCD4D8E00777CBC /* GridLayoutHeaderFooterView.swift */,
			);
			path = GridLayout;
			sourceTree = "<group>";
		};
		BEDE1E521FBEEDF10051F702 /* Extensions */ = {
			isa = PBXGroup;
			children = (
				BEDE1E531FBEEE930051F702 /* UIColor+Extension.swift */,
			);
			path = Extensions;
			sourceTree = "<group>";
		};
		BEDE1E5D1FBF0EE60051F702 /* Cells */ = {
			isa = PBXGroup;
			children = (
				BEDE1E591FBEF0E40051F702 /* ServiceLeftPicCell.swift */,
				BEDE1E5B1FBF0EE40051F702 /* ServiceNormalCell.swift */,
				BEDE1E5E1FBF0FFD0051F702 /* ServiceOnePicCell.swift */,
				BEDE1E601FBF141D0051F702 /* ServicePicTwoTitleCell.swift */,
			);
			path = Cells;
			sourceTree = "<group>";
		};
		BEEACC8720CCC17900C1D180 /* MosaicLayout */ = {
			isa = PBXGroup;
			children = (
				BEEACC8520CCC17300C1D180 /* MosaicLayout.swift */,
			);
			path = MosaicLayout;
			sourceTree = "<group>";
		};
		BEF73ACB1FCAB59E00A37524 /* JungleCup */ = {
			isa = PBXGroup;
			children = (
				BEF73AD41FCAB79000A37524 /* MockDataManager.swift */,
				BEF73ACE1FCAB60A00A37524 /* CustomLayout.swift */,
				BEF73AD01FCAB64E00A37524 /* CustomLayoutSettings.swift */,
				BEF73ACC1FCAB5B000A37524 /* CustomLayoutAttributes.swift */,
				BEF73AD21FCAB6EB00A37524 /* JungleCupController.swift */,
				BEF73AD61FCADA9900A37524 /* PlayerCell.swift */,
				BEF73AD81FCAE0D700A37524 /* SectionFooterView.swift */,
				BEF73ADA1FCAE18900A37524 /* MenuView.swift */,
				BEF73ADC1FCAE24700A37524 /* HeaderView.swift */,
			);
			path = JungleCup;
			sourceTree = "<group>";
		};
		F7387C0D20D24C2C0044B6DF /* AKPFlowLayout */ = {
			isa = PBXGroup;
			children = (
				F7387C0E20D24C2C0044B6DF /* AKPFlowLayout.swift */,
				F7387C0F20D24C2C0044B6DF /* ImageCollectionViewHeader.swift */,
				F7387C1020D24C2C0044B6DF /* ImageCollectionViewGlobalHeader.swift */,
				F7387C1120D24C2C0044B6DF /* AKPFlowLayoutError.swift */,
				F7387C1220D24C2C0044B6DF /* AKPFlowLayoutAttributes.swift */,
				F7387C1320D24C2C0044B6DF /* AKPLayoutConfigOptions.swift */,
				F7387C1420D24C2C0044B6DF /* AKPFlowLayoutController.swift */,
				F7387C1520D24C2C0044B6DF /* ImageCollectionViewCell.swift */,
			);
			path = AKPFlowLayout;
			sourceTree = "<group>";
		};
/* End PBXGroup section */

/* Begin PBXNativeTarget section */
		BE0D89F51FBED81800CA8114 /* TangramUI */ = {
			isa = PBXNativeTarget;
			buildConfigurationList = BE0D8A1E1FBED81800CA8114 /* Build configuration list for PBXNativeTarget "TangramUI" */;
			buildPhases = (
				BE0D89F21FBED81800CA8114 /* Sources */,
				BE0D89F31FBED81800CA8114 /* Frameworks */,
				BE0D89F41FBED81800CA8114 /* Resources */,
			);
			buildRules = (
			);
			dependencies = (
			);
			name = TangramUI;
			productName = TangramUI;
			productReference = BE0D89F61FBED81800CA8114 /* TangramUI.app */;
			productType = "com.apple.product-type.application";
		};
		BE0D8A091FBED81800CA8114 /* TangramUITests */ = {
			isa = PBXNativeTarget;
			buildConfigurationList = BE0D8A211FBED81800CA8114 /* Build configuration list for PBXNativeTarget "TangramUITests" */;
			buildPhases = (
				BE0D8A061FBED81800CA8114 /* Sources */,
				BE0D8A071FBED81800CA8114 /* Frameworks */,
				BE0D8A081FBED81800CA8114 /* Resources */,
			);
			buildRules = (
			);
			dependencies = (
				BE0D8A0C1FBED81800CA8114 /* PBXTargetDependency */,
			);
			name = TangramUITests;
			productName = TangramUITests;
			productReference = BE0D8A0A1FBED81800CA8114 /* TangramUITests.xctest */;
			productType = "com.apple.product-type.bundle.unit-test";
		};
		BE0D8A141FBED81800CA8114 /* TangramUIUITests */ = {
			isa = PBXNativeTarget;
			buildConfigurationList = BE0D8A241FBED81800CA8114 /* Build configuration list for PBXNativeTarget "TangramUIUITests" */;
			buildPhases = (
				BE0D8A111FBED81800CA8114 /* Sources */,
				BE0D8A121FBED81800CA8114 /* Frameworks */,
				BE0D8A131FBED81800CA8114 /* Resources */,
			);
			buildRules = (
			);
			dependencies = (
				BE0D8A171FBED81800CA8114 /* PBXTargetDependency */,
			);
			name = TangramUIUITests;
			productName = TangramUIUITests;
			productReference = BE0D8A151FBED81800CA8114 /* TangramUIUITests.xctest */;
			productType = "com.apple.product-type.bundle.ui-testing";
		};
/* End PBXNativeTarget section */

/* Begin PBXProject section */
		BE0D89EE1FBED81800CA8114 /* Project object */ = {
			isa = PBXProject;
			attributes = {
				LastSwiftUpdateCheck = 0910;
				LastUpgradeCheck = 0940;
				ORGANIZATIONNAME = "黄伯驹";
				TargetAttributes = {
					BE0D89F51FBED81800CA8114 = {
						CreatedOnToolsVersion = 9.1;
						ProvisioningStyle = Automatic;
					};
					BE0D8A091FBED81800CA8114 = {
						CreatedOnToolsVersion = 9.1;
						ProvisioningStyle = Automatic;
						TestTargetID = BE0D89F51FBED81800CA8114;
					};
					BE0D8A141FBED81800CA8114 = {
						CreatedOnToolsVersion = 9.1;
						ProvisioningStyle = Automatic;
						TestTargetID = BE0D89F51FBED81800CA8114;
					};
				};
			};
			buildConfigurationList = BE0D89F11FBED81800CA8114 /* Build configuration list for PBXProject "TangramUI" */;
			compatibilityVersion = "Xcode 8.0";
			developmentRegion = en;
			hasScannedForEncodings = 0;
			knownRegions = (
				en,
				Base,
			);
			mainGroup = BE0D89ED1FBED81800CA8114;
			productRefGroup = BE0D89F71FBED81800CA8114 /* Products */;
			projectDirPath = "";
			projectRoot = "";
			targets = (
				BE0D89F51FBED81800CA8114 /* TangramUI */,
				BE0D8A091FBED81800CA8114 /* TangramUITests */,
				BE0D8A141FBED81800CA8114 /* TangramUIUITests */,
			);
		};
/* End PBXProject section */

/* Begin PBXResourcesBuildPhase section */
		BE0D89F41FBED81800CA8114 /* Resources */ = {
			isa = PBXResourcesBuildPhase;
			buildActionMask = 2147483647;
			files = (
				BE95F5291FC66CB70033D83B /* 10.jpg in Resources */,
				BE95F5261FC66CB70033D83B /* 12.jpg in Resources */,
				BE95F5231FC66CB70033D83B /* 15.jpg in Resources */,
				BE95F52E1FC66CB70033D83B /* 5.jpg in Resources */,
				BE7D4A4E1FE69078005AD328 /* Inspirations.xcassets in Resources */,
				BE95F5221FC66CB70033D83B /* 14.jpg in Resources */,
				BE95F5281FC66CB70033D83B /* 11.jpg in Resources */,
				BE95F52B1FC66CB70033D83B /* 18.jpg in Resources */,
				BE95F5201FC66CB70033D83B /* 8.jpg in Resources */,
				BE95F52D1FC66CB70033D83B /* 4.jpg in Resources */,
				BE95F5311FC66CB70033D83B /* 2.jpg in Resources */,
				BE0D8A041FBED81800CA8114 /* LaunchScreen.storyboard in Resources */,
				BE511D6C1FCE654E00BD9489 /* Photos.plist in Resources */,
				BE95F5321FC66CB70033D83B /* 3.jpg in Resources */,
				BE95F52A1FC66CB70033D83B /* 20.jpg in Resources */,
				BE95F52F1FC66CB70033D83B /* 7.jpg in Resources */,
				BE95F5331FC66CB70033D83B /* 1.jpg in Resources */,
				BE95F5271FC66CB70033D83B /* 13.jpg in Resources */,
				BE0D8A011FBED81800CA8114 /* Assets.xcassets in Resources */,
				BE511D6D1FCE654E00BD9489 /* Photos.xcassets in Resources */,
				BE95F5301FC66CB70033D83B /* 6.jpg in Resources */,
				BE95F5241FC66CB70033D83B /* 17.jpg in Resources */,
				BE95F5211FC66CB70033D83B /* 9.jpg in Resources */,
				BE7D4A4D1FE69078005AD328 /* Inspirations.plist in Resources */,
				BE95F5251FC66CB70033D83B /* 16.jpg in Resources */,
				BE0D89FF1FBED81800CA8114 /* Main.storyboard in Resources */,
				BE95F52C1FC66CB70033D83B /* 19.jpg in Resources */,
			);
			runOnlyForDeploymentPostprocessing = 0;
		};
		BE0D8A081FBED81800CA8114 /* Resources */ = {
			isa = PBXResourcesBuildPhase;
			buildActionMask = 2147483647;
			files = (
			);
			runOnlyForDeploymentPostprocessing = 0;
		};
		BE0D8A131FBED81800CA8114 /* Resources */ = {
			isa = PBXResourcesBuildPhase;
			buildActionMask = 2147483647;
			files = (
			);
			runOnlyForDeploymentPostprocessing = 0;
		};
/* End PBXResourcesBuildPhase section */

/* Begin PBXSourcesBuildPhase section */
		BE0D89F21FBED81800CA8114 /* Sources */ = {
			isa = PBXSourcesBuildPhase;
			buildActionMask = 2147483647;
			files = (
				BE95F5351FC66CFC0033D83B /* ReorderableTripletLayoutController.swift in Sources */,
				BEDA5DA21FCBE45F00777CBC /* ExcelLayoutController.swift in Sources */,
				BE7D4A451FE67DC6005AD328 /* ExpandingLayoutController.swift in Sources */,
				BE0D8A291FBEDCA600CA8114 /* ServiceLayout.swift in Sources */,
				BE0D89FC1FBED81800CA8114 /* ViewController.swift in Sources */,
				BEF73AD11FCAB64E00A37524 /* CustomLayoutSettings.swift in Sources */,
				BE7FAF971FC2873100788A5A /* ReorderableTripletLayout.swift in Sources */,
				BEDA5DAF1FCD4D8E00777CBC /* GridLayoutHeaderFooterView.swift in Sources */,
				F7387C1620D24C2C0044B6DF /* AKPFlowLayout.swift in Sources */,
				BEEACC8620CCC17300C1D180 /* MosaicLayout.swift in Sources */,
				BEF73AD71FCADA9900A37524 /* PlayerCell.swift in Sources */,
				BEF73AD51FCAB79000A37524 /* MockDataManager.swift in Sources */,
				BEF73AD31FCAB6EB00A37524 /* JungleCupController.swift in Sources */,
				BEDE1E611FBF141D0051F702 /* ServicePicTwoTitleCell.swift in Sources */,
				BEB8E1A520C17E1500B79A53 /* CenterLayout.swift in Sources */,
				BEDE1E651FBF155B0051F702 /* ServiceLayoutController.swift in Sources */,
				BE720BAD20C3BD9A00E86818 /* PinterestLayout1.swift in Sources */,
				F7387C1A20D24C2C0044B6DF /* AKPFlowLayoutAttributes.swift in Sources */,
				BE720BAF20C3BDB800E86818 /* PinterestLayoutAttributes.swift in Sources */,
				BE511D691FCE64E500BD9489 /* Photo.swift in Sources */,
				BE7D4A471FE67E64005AD328 /* InspirationCell.swift in Sources */,
				BE720BB320C3BF1200E86818 /* PinterestLayout1Controller.swift in Sources */,
				BEF73ADB1FCAE18900A37524 /* MenuView.swift in Sources */,
				BEDE1E581FBEEF8C0051F702 /* HeaderReusableView.swift in Sources */,
				BE406CF920A7EA54009A4D6E /* SearchBarCell.swift in Sources */,
				F7387C1720D24C2C0044B6DF /* ImageCollectionViewHeader.swift in Sources */,
				F7387C1B20D24C2C0044B6DF /* AKPLayoutConfigOptions.swift in Sources */,
				BE720BB120C3BDCB00E86818 /* PinterestLayoutDelegate.swift in Sources */,
				F7387C1C20D24C2C0044B6DF /* AKPFlowLayoutController.swift in Sources */,
				BE511D651FCE635100BD9489 /* PinterestLayout.swift in Sources */,
				BE0D89FA1FBED81800CA8114 /* AppDelegate.swift in Sources */,
				BE720BA620C29F2300E86818 /* CHTCollectionViewWaterfallLayout.swift in Sources */,
				BEF73ACF1FCAB60A00A37524 /* CustomLayout.swift in Sources */,
				BE7D4A3F1FE67D06005AD328 /* ExpandingLayout.swift in Sources */,
				BEDE1E5C1FBF0EE40051F702 /* ServiceNormalCell.swift in Sources */,
				BE7D4A431FE67DA8005AD328 /* Session.swift in Sources */,
				BEDE1E5F1FBF0FFD0051F702 /* ServiceOnePicCell.swift in Sources */,
				BEDE1E541FBEEE930051F702 /* UIColor+Extension.swift in Sources */,
				BEF73ACD1FCAB5B000A37524 /* CustomLayoutAttributes.swift in Sources */,
				BEDA5DA61FCD059D00777CBC /* StretchyHeaderLayout.swift in Sources */,
				BE720BA120C2816700E86818 /* CollectionViewWaterfallLayout.swift in Sources */,
				BEF73AD91FCAE0D700A37524 /* SectionFooterView.swift in Sources */,
				BEC2AECC1FC0681F00FB98C2 /* ReverseLayoutController.swift in Sources */,
				BEDA5DAB1FCD278700777CBC /* GridLayout.swift in Sources */,
				BEC2AECE1FC068B500FB98C2 /* ReverseLayout.swift in Sources */,
				BEDE1E5A1FBEF0E40051F702 /* ServiceLeftPicCell.swift in Sources */,
				BEDE1E631FBF15250051F702 /* BaseController.swift in Sources */,
				BE720BBA20C3DD4A00E86818 /* MosaicLayoutController.swift in Sources */,
				F7387C1D20D24C2C0044B6DF /* ImageCollectionViewCell.swift in Sources */,
				BE511D671FCE638500BD9489 /* PinterestLayoutController.swift in Sources */,
				BE54ADAB20A5806D00B8A473 /* AdsorptionLayout.swift in Sources */,
				BEDE1E561FBEEF160051F702 /* FooterReusableView.swift in Sources */,
				BE7D4A421FE67DA8005AD328 /* Inspiration.swift in Sources */,
				BE406CFB20A7EB5F009A4D6E /* ColorCell.swift in Sources */,
				BE720BA920C29FF500E86818 /* CHTCollectionViewWaterfallLayoutController.swift in Sources */,
				BE720BB820C3DB6500E86818 /* TRMosaicColumn.swift in Sources */,
				BE720BB620C3DB4A00E86818 /* TRMosaicLayout.swift in Sources */,
				BE7FAF951FC2796700788A5A /* TripletLayout.swift in Sources */,
				BEF73ADD1FCAE24700A37524 /* HeaderView.swift in Sources */,
				F7387C1920D24C2C0044B6DF /* AKPFlowLayoutError.swift in Sources */,
				BE720BA320C28DCE00E86818 /* WaterfallLayoutController.swift in Sources */,
				F7387C1820D24C2C0044B6DF /* ImageCollectionViewGlobalHeader.swift in Sources */,
				BEDA5DAD1FCD4CE300777CBC /* GridLayoutController.swift in Sources */,
				BE406CF720A7E9DE009A4D6E /* AdsorptionController.swift in Sources */,
				BEDA5DA81FCD07D000777CBC /* StretchyHeaderLayoutController.swift in Sources */,
				BE720B9E20C26E5100E86818 /* CenterLayoutController.swift in Sources */,
				BEDA5DA01FCBE3DD00777CBC /* ExcelLayout.swift in Sources */,
			);
			runOnlyForDeploymentPostprocessing = 0;
		};
		BE0D8A061FBED81800CA8114 /* Sources */ = {
			isa = PBXSourcesBuildPhase;
			buildActionMask = 2147483647;
			files = (
				BE0D8A0F1FBED81800CA8114 /* TangramUITests.swift in Sources */,
			);
			runOnlyForDeploymentPostprocessing = 0;
		};
		BE0D8A111FBED81800CA8114 /* Sources */ = {
			isa = PBXSourcesBuildPhase;
			buildActionMask = 2147483647;
			files = (
				BE0D8A1A1FBED81800CA8114 /* TangramUIUITests.swift in Sources */,
			);
			runOnlyForDeploymentPostprocessing = 0;
		};
/* End PBXSourcesBuildPhase section */

/* Begin PBXTargetDependency section */
		BE0D8A0C1FBED81800CA8114 /* PBXTargetDependency */ = {
			isa = PBXTargetDependency;
			target = BE0D89F51FBED81800CA8114 /* TangramUI */;
			targetProxy = BE0D8A0B1FBED81800CA8114 /* PBXContainerItemProxy */;
		};
		BE0D8A171FBED81800CA8114 /* PBXTargetDependency */ = {
			isa = PBXTargetDependency;
			target = BE0D89F51FBED81800CA8114 /* TangramUI */;
			targetProxy = BE0D8A161FBED81800CA8114 /* PBXContainerItemProxy */;
		};
/* End PBXTargetDependency section */

/* Begin PBXVariantGroup section */
		BE0D89FD1FBED81800CA8114 /* Main.storyboard */ = {
			isa = PBXVariantGroup;
			children = (
				BE0D89FE1FBED81800CA8114 /* Base */,
			);
			name = Main.storyboard;
			sourceTree = "<group>";
		};
		BE0D8A021FBED81800CA8114 /* LaunchScreen.storyboard */ = {
			isa = PBXVariantGroup;
			children = (
				BE0D8A031FBED81800CA8114 /* Base */,
			);
			name = LaunchScreen.storyboard;
			sourceTree = "<group>";
		};
/* End PBXVariantGroup section */

/* Begin XCBuildConfiguration section */
		BE0D8A1C1FBED81800CA8114 /* Debug */ = {
			isa = XCBuildConfiguration;
			buildSettings = {
				ALWAYS_SEARCH_USER_PATHS = NO;
				CLANG_ANALYZER_NONNULL = YES;
				CLANG_ANALYZER_NUMBER_OBJECT_CONVERSION = YES_AGGRESSIVE;
				CLANG_CXX_LANGUAGE_STANDARD = "gnu++14";
				CLANG_CXX_LIBRARY = "libc++";
				CLANG_ENABLE_MODULES = YES;
				CLANG_ENABLE_OBJC_ARC = YES;
				CLANG_WARN_BLOCK_CAPTURE_AUTORELEASING = YES;
				CLANG_WARN_BOOL_CONVERSION = YES;
				CLANG_WARN_COMMA = YES;
				CLANG_WARN_CONSTANT_CONVERSION = YES;
				CLANG_WARN_DEPRECATED_OBJC_IMPLEMENTATIONS = YES;
				CLANG_WARN_DIRECT_OBJC_ISA_USAGE = YES_ERROR;
				CLANG_WARN_DOCUMENTATION_COMMENTS = YES;
				CLANG_WARN_EMPTY_BODY = YES;
				CLANG_WARN_ENUM_CONVERSION = YES;
				CLANG_WARN_INFINITE_RECURSION = YES;
				CLANG_WARN_INT_CONVERSION = YES;
				CLANG_WARN_NON_LITERAL_NULL_CONVERSION = YES;
				CLANG_WARN_OBJC_IMPLICIT_RETAIN_SELF = YES;
				CLANG_WARN_OBJC_LITERAL_CONVERSION = YES;
				CLANG_WARN_OBJC_ROOT_CLASS = YES_ERROR;
				CLANG_WARN_RANGE_LOOP_ANALYSIS = YES;
				CLANG_WARN_STRICT_PROTOTYPES = YES;
				CLANG_WARN_SUSPICIOUS_MOVE = YES;
				CLANG_WARN_UNGUARDED_AVAILABILITY = YES_AGGRESSIVE;
				CLANG_WARN_UNREACHABLE_CODE = YES;
				CLANG_WARN__DUPLICATE_METHOD_MATCH = YES;
				CODE_SIGN_IDENTITY = "iPhone Developer";
				COPY_PHASE_STRIP = NO;
				DEBUG_INFORMATION_FORMAT = dwarf;
				ENABLE_STRICT_OBJC_MSGSEND = YES;
				ENABLE_TESTABILITY = YES;
				GCC_C_LANGUAGE_STANDARD = gnu11;
				GCC_DYNAMIC_NO_PIC = NO;
				GCC_NO_COMMON_BLOCKS = YES;
				GCC_OPTIMIZATION_LEVEL = 0;
				GCC_PREPROCESSOR_DEFINITIONS = (
					"DEBUG=1",
					"$(inherited)",
				);
				GCC_WARN_64_TO_32_BIT_CONVERSION = YES;
				GCC_WARN_ABOUT_RETURN_TYPE = YES_ERROR;
				GCC_WARN_UNDECLARED_SELECTOR = YES;
				GCC_WARN_UNINITIALIZED_AUTOS = YES_AGGRESSIVE;
				GCC_WARN_UNUSED_FUNCTION = YES;
				GCC_WARN_UNUSED_VARIABLE = YES;
				IPHONEOS_DEPLOYMENT_TARGET = 11.1;
				MTL_ENABLE_DEBUG_INFO = YES;
				ONLY_ACTIVE_ARCH = YES;
				SDKROOT = iphoneos;
				SWIFT_ACTIVE_COMPILATION_CONDITIONS = DEBUG;
				SWIFT_OPTIMIZATION_LEVEL = "-Onone";
			};
			name = Debug;
		};
		BE0D8A1D1FBED81800CA8114 /* Release */ = {
			isa = XCBuildConfiguration;
			buildSettings = {
				ALWAYS_SEARCH_USER_PATHS = NO;
				CLANG_ANALYZER_NONNULL = YES;
				CLANG_ANALYZER_NUMBER_OBJECT_CONVERSION = YES_AGGRESSIVE;
				CLANG_CXX_LANGUAGE_STANDARD = "gnu++14";
				CLANG_CXX_LIBRARY = "libc++";
				CLANG_ENABLE_MODULES = YES;
				CLANG_ENABLE_OBJC_ARC = YES;
				CLANG_WARN_BLOCK_CAPTURE_AUTORELEASING = YES;
				CLANG_WARN_BOOL_CONVERSION = YES;
				CLANG_WARN_COMMA = YES;
				CLANG_WARN_CONSTANT_CONVERSION = YES;
				CLANG_WARN_DEPRECATED_OBJC_IMPLEMENTATIONS = YES;
				CLANG_WARN_DIRECT_OBJC_ISA_USAGE = YES_ERROR;
				CLANG_WARN_DOCUMENTATION_COMMENTS = YES;
				CLANG_WARN_EMPTY_BODY = YES;
				CLANG_WARN_ENUM_CONVERSION = YES;
				CLANG_WARN_INFINITE_RECURSION = YES;
				CLANG_WARN_INT_CONVERSION = YES;
				CLANG_WARN_NON_LITERAL_NULL_CONVERSION = YES;
				CLANG_WARN_OBJC_IMPLICIT_RETAIN_SELF = YES;
				CLANG_WARN_OBJC_LITERAL_CONVERSION = YES;
				CLANG_WARN_OBJC_ROOT_CLASS = YES_ERROR;
				CLANG_WARN_RANGE_LOOP_ANALYSIS = YES;
				CLANG_WARN_STRICT_PROTOTYPES = YES;
				CLANG_WARN_SUSPICIOUS_MOVE = YES;
				CLANG_WARN_UNGUARDED_AVAILABILITY = YES_AGGRESSIVE;
				CLANG_WARN_UNREACHABLE_CODE = YES;
				CLANG_WARN__DUPLICATE_METHOD_MATCH = YES;
				CODE_SIGN_IDENTITY = "iPhone Developer";
				COPY_PHASE_STRIP = NO;
				DEBUG_INFORMATION_FORMAT = "dwarf-with-dsym";
				ENABLE_NS_ASSERTIONS = NO;
				ENABLE_STRICT_OBJC_MSGSEND = YES;
				GCC_C_LANGUAGE_STANDARD = gnu11;
				GCC_NO_COMMON_BLOCKS = YES;
				GCC_WARN_64_TO_32_BIT_CONVERSION = YES;
				GCC_WARN_ABOUT_RETURN_TYPE = YES_ERROR;
				GCC_WARN_UNDECLARED_SELECTOR = YES;
				GCC_WARN_UNINITIALIZED_AUTOS = YES_AGGRESSIVE;
				GCC_WARN_UNUSED_FUNCTION = YES;
				GCC_WARN_UNUSED_VARIABLE = YES;
				IPHONEOS_DEPLOYMENT_TARGET = 11.1;
				MTL_ENABLE_DEBUG_INFO = NO;
				SDKROOT = iphoneos;
				SWIFT_OPTIMIZATION_LEVEL = "-Owholemodule";
				VALIDATE_PRODUCT = YES;
			};
			name = Release;
		};
		BE0D8A1F1FBED81800CA8114 /* Debug */ = {
			isa = XCBuildConfiguration;
			buildSettings = {
				ASSETCATALOG_COMPILER_APPICON_NAME = AppIcon;
				CODE_SIGN_STYLE = Automatic;
				DEVELOPMENT_TEAM = D2CVGDWDEG;
				INFOPLIST_FILE = TangramUI/Info.plist;
				IPHONEOS_DEPLOYMENT_TARGET = 9.0;
				LD_RUNPATH_SEARCH_PATHS = "$(inherited) @executable_path/Frameworks";
				PRODUCT_BUNDLE_IDENTIFIER = com.boju.TangramUI;
				PRODUCT_NAME = "$(TARGET_NAME)";
				SWIFT_OBJC_BRIDGING_HEADER = TangramUI/Bridging.h;
				SWIFT_VERSION = 4.0;
				TARGETED_DEVICE_FAMILY = "1,2";
			};
			name = Debug;
		};
		BE0D8A201FBED81800CA8114 /* Release */ = {
			isa = XCBuildConfiguration;
			buildSettings = {
				ASSETCATALOG_COMPILER_APPICON_NAME = AppIcon;
				CODE_SIGN_STYLE = Automatic;
				DEVELOPMENT_TEAM = D2CVGDWDEG;
				INFOPLIST_FILE = TangramUI/Info.plist;
				IPHONEOS_DEPLOYMENT_TARGET = 9.0;
				LD_RUNPATH_SEARCH_PATHS = "$(inherited) @executable_path/Frameworks";
				PRODUCT_BUNDLE_IDENTIFIER = com.boju.TangramUI;
				PRODUCT_NAME = "$(TARGET_NAME)";
				SWIFT_OBJC_BRIDGING_HEADER = TangramUI/Bridging.h;
				SWIFT_VERSION = 4.0;
				TARGETED_DEVICE_FAMILY = "1,2";
			};
			name = Release;
		};
		BE0D8A221FBED81800CA8114 /* Debug */ = {
			isa = XCBuildConfiguration;
			buildSettings = {
				ALWAYS_EMBED_SWIFT_STANDARD_LIBRARIES = YES;
				BUNDLE_LOADER = "$(TEST_HOST)";
				CODE_SIGN_STYLE = Automatic;
				INFOPLIST_FILE = TangramUITests/Info.plist;
				LD_RUNPATH_SEARCH_PATHS = "$(inherited) @executable_path/Frameworks @loader_path/Frameworks";
				PRODUCT_BUNDLE_IDENTIFIER = com.boju.TangramUITests;
				PRODUCT_NAME = "$(TARGET_NAME)";
				SWIFT_VERSION = 4.0;
				TARGETED_DEVICE_FAMILY = "1,2";
				TEST_HOST = "$(BUILT_PRODUCTS_DIR)/TangramUI.app/TangramUI";
			};
			name = Debug;
		};
		BE0D8A231FBED81800CA8114 /* Release */ = {
			isa = XCBuildConfiguration;
			buildSettings = {
				ALWAYS_EMBED_SWIFT_STANDARD_LIBRARIES = YES;
				BUNDLE_LOADER = "$(TEST_HOST)";
				CODE_SIGN_STYLE = Automatic;
				INFOPLIST_FILE = TangramUITests/Info.plist;
				LD_RUNPATH_SEARCH_PATHS = "$(inherited) @executable_path/Frameworks @loader_path/Frameworks";
				PRODUCT_BUNDLE_IDENTIFIER = com.boju.TangramUITests;
				PRODUCT_NAME = "$(TARGET_NAME)";
				SWIFT_VERSION = 4.0;
				TARGETED_DEVICE_FAMILY = "1,2";
				TEST_HOST = "$(BUILT_PRODUCTS_DIR)/TangramUI.app/TangramUI";
			};
			name = Release;
		};
		BE0D8A251FBED81800CA8114 /* Debug */ = {
			isa = XCBuildConfiguration;
			buildSettings = {
				ALWAYS_EMBED_SWIFT_STANDARD_LIBRARIES = YES;
				CODE_SIGN_STYLE = Automatic;
				INFOPLIST_FILE = TangramUIUITests/Info.plist;
				LD_RUNPATH_SEARCH_PATHS = "$(inherited) @executable_path/Frameworks @loader_path/Frameworks";
				PRODUCT_BUNDLE_IDENTIFIER = com.boju.TangramUIUITests;
				PRODUCT_NAME = "$(TARGET_NAME)";
				SWIFT_VERSION = 4.0;
				TARGETED_DEVICE_FAMILY = "1,2";
				TEST_TARGET_NAME = TangramUI;
			};
			name = Debug;
		};
		BE0D8A261FBED81800CA8114 /* Release */ = {
			isa = XCBuildConfiguration;
			buildSettings = {
				ALWAYS_EMBED_SWIFT_STANDARD_LIBRARIES = YES;
				CODE_SIGN_STYLE = Automatic;
				INFOPLIST_FILE = TangramUIUITests/Info.plist;
				LD_RUNPATH_SEARCH_PATHS = "$(inherited) @executable_path/Frameworks @loader_path/Frameworks";
				PRODUCT_BUNDLE_IDENTIFIER = com.boju.TangramUIUITests;
				PRODUCT_NAME = "$(TARGET_NAME)";
				SWIFT_VERSION = 4.0;
				TARGETED_DEVICE_FAMILY = "1,2";
				TEST_TARGET_NAME = TangramUI;
			};
			name = Release;
		};
/* End XCBuildConfiguration section */

/* Begin XCConfigurationList section */
		BE0D89F11FBED81800CA8114 /* Build configuration list for PBXProject "TangramUI" */ = {
			isa = XCConfigurationList;
			buildConfigurations = (
				BE0D8A1C1FBED81800CA8114 /* Debug */,
				BE0D8A1D1FBED81800CA8114 /* Release */,
			);
			defaultConfigurationIsVisible = 0;
			defaultConfigurationName = Release;
		};
		BE0D8A1E1FBED81800CA8114 /* Build configuration list for PBXNativeTarget "TangramUI" */ = {
			isa = XCConfigurationList;
			buildConfigurations = (
				BE0D8A1F1FBED81800CA8114 /* Debug */,
				BE0D8A201FBED81800CA8114 /* Release */,
			);
			defaultConfigurationIsVisible = 0;
			defaultConfigurationName = Release;
		};
		BE0D8A211FBED81800CA8114 /* Build configuration list for PBXNativeTarget "TangramUITests" */ = {
			isa = XCConfigurationList;
			buildConfigurations = (
				BE0D8A221FBED81800CA8114 /* Debug */,
				BE0D8A231FBED81800CA8114 /* Release */,
			);
			defaultConfigurationIsVisible = 0;
			defaultConfigurationName = Release;
		};
		BE0D8A241FBED81800CA8114 /* Build configuration list for PBXNativeTarget "TangramUIUITests" */ = {
			isa = XCConfigurationList;
			buildConfigurations = (
				BE0D8A251FBED81800CA8114 /* Debug */,
				BE0D8A261FBED81800CA8114 /* Release */,
			);
			defaultConfigurationIsVisible = 0;
			defaultConfigurationName = Release;
		};
/* End XCConfigurationList section */
	};
	rootObject = BE0D89EE1FBED81800CA8114 /* Project object */;
}
